
Microsoft Visual Studio Solution File, Format Version 12.00
# Visual Studio Version 17
VisualStudioVersion = 17.10.35004.147
MinimumVisualStudioVersion = 10.0.40219.1
Project("{9A19103F-16F7-4668-BE54-9A1E7A4F7556}") = "PruebaAPI", "PruebaAPI\PruebaAPI.csproj", "{69C119BB-AB6A-4672-8847-94207ECA9AEC}"
EndProject
Project("{FAE04EC0-301F-11D3-BF4B-00C04F79EFBC}") = "TestPrueba", "TestPrueba\TestPrueba.csproj", "{404ABE16-A48E-44D5-B78E-880E12ABFCDD}"
EndProject
Global
	GlobalSection(SolutionConfigurationPlatforms) = preSolution
		Debug|Any CPU = Debug|Any CPU
		Release|Any CPU = Release|Any CPU
	EndGlobalSection
	GlobalSection(ProjectConfigurationPlatforms) = postSolution
		{69C119BB-AB6A-4672-8847-94207ECA9AEC}.Debug|Any CPU.ActiveCfg = Debug|Any CPU
		{69C119BB-AB6A-4672-8847-94207ECA9AEC}.Debug|Any CPU.Build.0 = Debug|Any CPU
		{69C119BB-AB6A-4672-8847-94207ECA9AEC}.Release|Any CPU.ActiveCfg = Release|Any CPU
		{69C119BB-AB6A-4672-8847-94207ECA9AEC}.Release|Any CPU.Build.0 = Release|Any CPU
		{404ABE16-A48E-44D5-B78E-880E12ABFCDD}.Debug|Any CPU.ActiveCfg = Debug|Any CPU
		{404ABE16-A48E-44D5-B78E-880E12ABFCDD}.Debug|Any CPU.Build.0 = Debug|Any CPU
		{404ABE16-A48E-44D5-B78E-880E12ABFCDD}.Release|Any CPU.ActiveCfg = Release|Any CPU
		{404ABE16-A48E-44D5-B78E-880E12ABFCDD}.Release|Any CPU.Build.0 = Release|Any CPU
	EndGlobalSection
	GlobalSection(SolutionProperties) = preSolution
		HideSolutionNode = FALSE
	EndGlobalSection
	GlobalSection(ExtensibilityGlobals) = postSolution
		SolutionGuid = {2477C526-C480-4275-9780-5B9F7AA801D0}
	EndGlobalSection
EndGlobal
